
Microsoft Visual Studio Solution File, Format Version 12.00
# Visual Studio Version 17
VisualStudioVersion = 17.11.35222.181
MinimumVisualStudioVersion = 10.0.40219.1
Project("{2150E333-8FDC-42A3-9474-1A3956D46DE8}") = "Task0", "Task0", "{8FFFD574-175F-4F69-AC70-B5C4AE9337DE}"
EndProject
Project("{9A19103F-16F7-4668-BE54-9A1E7A4F7556}") = "Tyuiu.IvanovPG.Sprint4.Task0.V3", "Tyuiu.IvanovPG.Sprint4.Task0.V3\Tyuiu.IvanovPG.Sprint4.Task0.V3.csproj", "{930BB909-B5D7-423F-8F3C-125F1D30CF43}"
EndProject
Project("{9A19103F-16F7-4668-BE54-9A1E7A4F7556}") = "Tyuiu.IvanovPG.Sprint4.Task0.V3.Lib", "Tyuiu.IvanovPG.Sprint4.Task0.V3.Lib\Tyuiu.IvanovPG.Sprint4.Task0.V3.Lib.csproj", "{E76D360B-507E-4F38-B91B-2CF49117C2F3}"
EndProject
Project("{9A19103F-16F7-4668-BE54-9A1E7A4F7556}") = "Tyuiu.IvanovPG.Sprint4.Task0.V3.Test", "Tyuiu.IvanovPG.Sprint4.Task0.V3.Test\Tyuiu.IvanovPG.Sprint4.Task0.V3.Test.csproj", "{5D09F0A1-5973-4621-B9DB-B1D29369BF4A}"
EndProject
Project("{2150E333-8FDC-42A3-9474-1A3956D46DE8}") = "Task1", "Task1", "{D1D8A602-2FBA-466D-9A57-66B0E5C8747D}"
EndProject
Project("{9A19103F-16F7-4668-BE54-9A1E7A4F7556}") = "Tyuiu.IvanovPG.Sprint4.Task1.V10", "Tyuiu.IvanovPG.Sprint4.Task1.V10\Tyuiu.IvanovPG.Sprint4.Task1.V10.csproj", "{7624C9B9-86EB-4B43-ACAF-EEED06B192DD}"
EndProject
Project("{9A19103F-16F7-4668-BE54-9A1E7A4F7556}") = "Tyuiu.IvanovPG.Sprint4.Task1.V10.Lib", "Tyuiu.IvanovPG.Sprint4.Task1.V10.Lib\Tyuiu.IvanovPG.Sprint4.Task1.V10.Lib.csproj", "{897F3336-DF66-44BB-8A13-535AB5E98416}"
EndProject
Project("{9A19103F-16F7-4668-BE54-9A1E7A4F7556}") = "Tyuiu.IvanovPG.Sprint4.Task1.V10.Test", "Tyuiu.IvanovPG.Sprint4.Task1.V10.Test\Tyuiu.IvanovPG.Sprint4.Task1.V10.Test.csproj", "{6A812656-6F3C-403B-9287-4BCAF339EADB}"
EndProject
Project("{2150E333-8FDC-42A3-9474-1A3956D46DE8}") = "Task2", "Task2", "{4DA9ECEF-1E70-4F6C-B9D3-BD18E9DC5A43}"
EndProject
Project("{9A19103F-16F7-4668-BE54-9A1E7A4F7556}") = "Tyuiu.IvanovPG.Sprint4.Task2.V4", "Tyuiu.IvanovPG.Sprint4.Task2.V4\Tyuiu.IvanovPG.Sprint4.Task2.V4.csproj", "{B62E12FF-148B-48E2-B7BA-8B7CDA535F5B}"
EndProject
Project("{9A19103F-16F7-4668-BE54-9A1E7A4F7556}") = "Tyuiu.IvanovPG.Sprint4.Task2.V4.Lib", "Tyuiu.IvanovPG.Sprint4.Task2.V4.Lib\Tyuiu.IvanovPG.Sprint4.Task2.V4.Lib.csproj", "{5BB1623D-D169-4FFB-ABA6-6F1A40DBB8D2}"
EndProject
Project("{9A19103F-16F7-4668-BE54-9A1E7A4F7556}") = "Tyuiu.IvanovPG.Sprint4.Task2.V4.Test", "Tyuiu.IvanovPG.Sprint4.Task2.V4.Test\Tyuiu.IvanovPG.Sprint4.Task2.V4.Test.csproj", "{D4E838E3-9E0A-4C84-B663-2875CB1E1DB9}"
EndProject
Project("{2150E333-8FDC-42A3-9474-1A3956D46DE8}") = "Task3", "Task3", "{767F8FEB-B53D-4253-85E8-28EA5A16EC9D}"
EndProject
Project("{9A19103F-16F7-4668-BE54-9A1E7A4F7556}") = "Tyuiu.IvanovPG.Sprint4.Task3.V5", "Tyuiu.IvanovPG.Sprint4.Task3.V5\Tyuiu.IvanovPG.Sprint4.Task3.V5.csproj", "{39450176-4DBD-4A50-8E16-E21967223F2C}"
EndProject
Project("{9A19103F-16F7-4668-BE54-9A1E7A4F7556}") = "Tyuiu.IvanovPG.Sprint4.Task3.V5.Lib", "Tyuiu.IvanovPG.Sprint4.Task3.V5.Lib\Tyuiu.IvanovPG.Sprint4.Task3.V5.Lib.csproj", "{45FB631D-4165-4C0A-9524-6AA42E04D5AA}"
EndProject
Project("{9A19103F-16F7-4668-BE54-9A1E7A4F7556}") = "Tyuiu.IvanovPG.Sprint4.Task3.V5.Test", "Tyuiu.IvanovPG.Sprint4.Task3.V5.Test\Tyuiu.IvanovPG.Sprint4.Task3.V5.Test.csproj", "{D43F9684-7842-4CE4-8F46-6CA611FA754C}"
EndProject
Project("{2150E333-8FDC-42A3-9474-1A3956D46DE8}") = "Task4", "Task4", "{1487C6A1-D13B-454F-8EAF-1B4C0A666A89}"
EndProject
Project("{9A19103F-16F7-4668-BE54-9A1E7A4F7556}") = "Tyuiu.IvanovPG.Sprint4.Task4.V2", "Tyuiu.IvanovPG.Sprint4.Task4.V2\Tyuiu.IvanovPG.Sprint4.Task4.V2.csproj", "{E7A35B2E-CAAC-4E3B-A728-04BF959C16F6}"
EndProject
Project("{9A19103F-16F7-4668-BE54-9A1E7A4F7556}") = "Tyuiu.IvanovPG.Sprint4.Task4.V2.Lib", "Tyuiu.IvanovPG.Sprint4.Task4.V2.Lib\Tyuiu.IvanovPG.Sprint4.Task4.V2.Lib.csproj", "{1366E73F-C036-4DE6-A25B-1CA2252E0169}"
EndProject
Project("{9A19103F-16F7-4668-BE54-9A1E7A4F7556}") = "Tyuiu.IvanovPG.Sprint4.Task4.V2.Test", "Tyuiu.IvanovPG.Sprint4.Task4.V2.Test\Tyuiu.IvanovPG.Sprint4.Task4.V2.Test.csproj", "{F23FC55F-8BE1-4C8B-9854-ACE3F34A406C}"
EndProject
Project("{2150E333-8FDC-42A3-9474-1A3956D46DE8}") = "Task5", "Task5", "{6CD51C1D-D6C2-4E10-A678-6B6944A41938}"
EndProject
Project("{FAE04EC0-301F-11D3-BF4B-00C04F79EFBC}") = "Tyuiu.IvanovPG.Sprint4.Task5.V20", "Tyuiu.IvanovPG.Sprint4.Task5.V20\Tyuiu.IvanovPG.Sprint4.Task5.V20.csproj", "{31030366-CA05-4BA2-9294-BC1238650E2B}"
EndProject
Project("{FAE04EC0-301F-11D3-BF4B-00C04F79EFBC}") = "Tyuiu.IvanovPG.Sprint4.Task5.V20.Lib", "Tyuiu.IvanovPG.Sprint4.Task5.V20.Lib\Tyuiu.IvanovPG.Sprint4.Task5.V20.Lib.csproj", "{B84F8F0E-FC2D-4BB5-982A-D500C059986F}"
EndProject
Project("{FAE04EC0-301F-11D3-BF4B-00C04F79EFBC}") = "Tyuiu.IvanovPG.Sprint4.Task5.V20.Test", "Tyuiu.IvanovPG.Sprint4.Task5.V20.Test\Tyuiu.IvanovPG.Sprint4.Task5.V20.Test.csproj", "{57587223-8025-4CB2-A91E-1BB3C592ADBA}"
EndProject
Project("{2150E333-8FDC-42A3-9474-1A3956D46DE8}") = "Task6", "Task6", "{CBA7460B-2ABD-48EB-92CD-11BA18D8016B}"
EndProject
Project("{FAE04EC0-301F-11D3-BF4B-00C04F79EFBC}") = "Tyuiu.IvanovPG.Sprint4.Task6.V26", "Tyuiu.IvanovPG.Sprint4.Task6.V26\Tyuiu.IvanovPG.Sprint4.Task6.V26.csproj", "{B3CAFB95-7174-4158-AA2E-08523DD9EC8C}"
EndProject
Project("{FAE04EC0-301F-11D3-BF4B-00C04F79EFBC}") = "Tyuiu.IvanovPG.Sprint4.Task6.V26.Lib", "Tyuiu.IvanovPG.Sprint4.Task6.V26.Lib\Tyuiu.IvanovPG.Sprint4.Task6.V26.Lib.csproj", "{02A25F16-66AB-4E24-A380-DA4C8715F54F}"
EndProject
Project("{FAE04EC0-301F-11D3-BF4B-00C04F79EFBC}") = "Tyuiu.IvanovPG.Sprint4.Task6.V26.Test", "Tyuiu.IvanovPG.Sprint4.Task6.V26.Test\Tyuiu.IvanovPG.Sprint4.Task6.V26.Test.csproj", "{A3D541F7-4A22-413C-B6A9-B166DFBAB578}"
EndProject
Project("{2150E333-8FDC-42A3-9474-1A3956D46DE8}") = "Task7", "Task7", "{B72FE415-7CC7-4687-8F80-E671483F1B5C}"
EndProject
Project("{FAE04EC0-301F-11D3-BF4B-00C04F79EFBC}") = "Tyuiu.IvanovPG.Sprint4.Task7.V25", "Tyuiu.IvanovPG.Sprint4.Task7.V25\Tyuiu.IvanovPG.Sprint4.Task7.V25.csproj", "{76901C2B-603B-461A-91F5-A3BCF3D17C88}"
EndProject
Project("{FAE04EC0-301F-11D3-BF4B-00C04F79EFBC}") = "Tyuiu.IvanovPG.Sprint4.Task7.V25.Lib", "Tyuiu.IvanovPG.Sprint4.Task7.V25.Lib\Tyuiu.IvanovPG.Sprint4.Task7.V25.Lib.csproj", "{23CE4120-C084-4C57-96A8-71BB5804FBB2}"
EndProject
Project("{FAE04EC0-301F-11D3-BF4B-00C04F79EFBC}") = "Tyuiu.IvanovPG.Sprint4.Task7.V25.Test", "Tyuiu.IvanovPG.Sprint4.Task7.V25.Test\Tyuiu.IvanovPG.Sprint4.Task7.V25.Test.csproj", "{97F61516-67B1-4B7D-A215-4243549D17F3}"
EndProject
Global
	GlobalSection(SolutionConfigurationPlatforms) = preSolution
		Debug|Any CPU = Debug|Any CPU
		Release|Any CPU = Release|Any CPU
	EndGlobalSection
	GlobalSection(ProjectConfigurationPlatforms) = postSolution
		{930BB909-B5D7-423F-8F3C-125F1D30CF43}.Debug|Any CPU.ActiveCfg = Debug|Any CPU
		{930BB909-B5D7-423F-8F3C-125F1D30CF43}.Debug|Any CPU.Build.0 = Debug|Any CPU
		{930BB909-B5D7-423F-8F3C-125F1D30CF43}.Release|Any CPU.ActiveCfg = Release|Any CPU
		{930BB909-B5D7-423F-8F3C-125F1D30CF43}.Release|Any CPU.Build.0 = Release|Any CPU
		{E76D360B-507E-4F38-B91B-2CF49117C2F3}.Debug|Any CPU.ActiveCfg = Debug|Any CPU
		{E76D360B-507E-4F38-B91B-2CF49117C2F3}.Debug|Any CPU.Build.0 = Debug|Any CPU
		{E76D360B-507E-4F38-B91B-2CF49117C2F3}.Release|Any CPU.ActiveCfg = Release|Any CPU
		{E76D360B-507E-4F38-B91B-2CF49117C2F3}.Release|Any CPU.Build.0 = Release|Any CPU
		{5D09F0A1-5973-4621-B9DB-B1D29369BF4A}.Debug|Any CPU.ActiveCfg = Debug|Any CPU
		{5D09F0A1-5973-4621-B9DB-B1D29369BF4A}.Debug|Any CPU.Build.0 = Debug|Any CPU
		{5D09F0A1-5973-4621-B9DB-B1D29369BF4A}.Release|Any CPU.ActiveCfg = Release|Any CPU
		{5D09F0A1-5973-4621-B9DB-B1D29369BF4A}.Release|Any CPU.Build.0 = Release|Any CPU
		{7624C9B9-86EB-4B43-ACAF-EEED06B192DD}.Debug|Any CPU.ActiveCfg = Debug|Any CPU
		{7624C9B9-86EB-4B43-ACAF-EEED06B192DD}.Debug|Any CPU.Build.0 = Debug|Any CPU
		{7624C9B9-86EB-4B43-ACAF-EEED06B192DD}.Release|Any CPU.ActiveCfg = Release|Any CPU
		{7624C9B9-86EB-4B43-ACAF-EEED06B192DD}.Release|Any CPU.Build.0 = Release|Any CPU
		{897F3336-DF66-44BB-8A13-535AB5E98416}.Debug|Any CPU.ActiveCfg = Debug|Any CPU
		{897F3336-DF66-44BB-8A13-535AB5E98416}.Debug|Any CPU.Build.0 = Debug|Any CPU
		{897F3336-DF66-44BB-8A13-535AB5E98416}.Release|Any CPU.ActiveCfg = Release|Any CPU
		{897F3336-DF66-44BB-8A13-535AB5E98416}.Release|Any CPU.Build.0 = Release|Any CPU
		{6A812656-6F3C-403B-9287-4BCAF339EADB}.Debug|Any CPU.ActiveCfg = Debug|Any CPU
		{6A812656-6F3C-403B-9287-4BCAF339EADB}.Debug|Any CPU.Build.0 = Debug|Any CPU
		{6A812656-6F3C-403B-9287-4BCAF339EADB}.Release|Any CPU.ActiveCfg = Release|Any CPU
		{6A812656-6F3C-403B-9287-4BCAF339EADB}.Release|Any CPU.Build.0 = Release|Any CPU
		{B62E12FF-148B-48E2-B7BA-8B7CDA535F5B}.Debug|Any CPU.ActiveCfg = Debug|Any CPU
		{B62E12FF-148B-48E2-B7BA-8B7CDA535F5B}.Debug|Any CPU.Build.0 = Debug|Any CPU
		{B62E12FF-148B-48E2-B7BA-8B7CDA535F5B}.Release|Any CPU.ActiveCfg = Release|Any CPU
		{B62E12FF-148B-48E2-B7BA-8B7CDA535F5B}.Release|Any CPU.Build.0 = Release|Any CPU
		{5BB1623D-D169-4FFB-ABA6-6F1A40DBB8D2}.Debug|Any CPU.ActiveCfg = Debug|Any CPU
		{5BB1623D-D169-4FFB-ABA6-6F1A40DBB8D2}.Debug|Any CPU.Build.0 = Debug|Any CPU
		{5BB1623D-D169-4FFB-ABA6-6F1A40DBB8D2}.Release|Any CPU.ActiveCfg = Release|Any CPU
		{5BB1623D-D169-4FFB-ABA6-6F1A40DBB8D2}.Release|Any CPU.Build.0 = Release|Any CPU
		{D4E838E3-9E0A-4C84-B663-2875CB1E1DB9}.Debug|Any CPU.ActiveCfg = Debug|Any CPU
		{D4E838E3-9E0A-4C84-B663-2875CB1E1DB9}.Debug|Any CPU.Build.0 = Debug|Any CPU
		{D4E838E3-9E0A-4C84-B663-2875CB1E1DB9}.Release|Any CPU.ActiveCfg = Release|Any CPU
		{D4E838E3-9E0A-4C84-B663-2875CB1E1DB9}.Release|Any CPU.Build.0 = Release|Any CPU
		{39450176-4DBD-4A50-8E16-E21967223F2C}.Debug|Any CPU.ActiveCfg = Debug|Any CPU
		{39450176-4DBD-4A50-8E16-E21967223F2C}.Debug|Any CPU.Build.0 = Debug|Any CPU
		{39450176-4DBD-4A50-8E16-E21967223F2C}.Release|Any CPU.ActiveCfg = Release|Any CPU
		{39450176-4DBD-4A50-8E16-E21967223F2C}.Release|Any CPU.Build.0 = Release|Any CPU
		{45FB631D-4165-4C0A-9524-6AA42E04D5AA}.Debug|Any CPU.ActiveCfg = Debug|Any CPU
		{45FB631D-4165-4C0A-9524-6AA42E04D5AA}.Debug|Any CPU.Build.0 = Debug|Any CPU
		{45FB631D-4165-4C0A-9524-6AA42E04D5AA}.Release|Any CPU.ActiveCfg = Release|Any CPU
		{45FB631D-4165-4C0A-9524-6AA42E04D5AA}.Release|Any CPU.Build.0 = Release|Any CPU
		{D43F9684-7842-4CE4-8F46-6CA611FA754C}.Debug|Any CPU.ActiveCfg = Debug|Any CPU
		{D43F9684-7842-4CE4-8F46-6CA611FA754C}.Debug|Any CPU.Build.0 = Debug|Any CPU
		{D43F9684-7842-4CE4-8F46-6CA611FA754C}.Release|Any CPU.ActiveCfg = Release|Any CPU
		{D43F9684-7842-4CE4-8F46-6CA611FA754C}.Release|Any CPU.Build.0 = Release|Any CPU
		{E7A35B2E-CAAC-4E3B-A728-04BF959C16F6}.Debug|Any CPU.ActiveCfg = Debug|Any CPU
		{E7A35B2E-CAAC-4E3B-A728-04BF959C16F6}.Debug|Any CPU.Build.0 = Debug|Any CPU
		{E7A35B2E-CAAC-4E3B-A728-04BF959C16F6}.Release|Any CPU.ActiveCfg = Release|Any CPU
		{E7A35B2E-CAAC-4E3B-A728-04BF959C16F6}.Release|Any CPU.Build.0 = Release|Any CPU
		{1366E73F-C036-4DE6-A25B-1CA2252E0169}.Debug|Any CPU.ActiveCfg = Debug|Any CPU
		{1366E73F-C036-4DE6-A25B-1CA2252E0169}.Debug|Any CPU.Build.0 = Debug|Any CPU
		{1366E73F-C036-4DE6-A25B-1CA2252E0169}.Release|Any CPU.ActiveCfg = Release|Any CPU
		{1366E73F-C036-4DE6-A25B-1CA2252E0169}.Release|Any CPU.Build.0 = Release|Any CPU
		{F23FC55F-8BE1-4C8B-9854-ACE3F34A406C}.Debug|Any CPU.ActiveCfg = Debug|Any CPU
		{F23FC55F-8BE1-4C8B-9854-ACE3F34A406C}.Debug|Any CPU.Build.0 = Debug|Any CPU
		{F23FC55F-8BE1-4C8B-9854-ACE3F34A406C}.Release|Any CPU.ActiveCfg = Release|Any CPU
		{F23FC55F-8BE1-4C8B-9854-ACE3F34A406C}.Release|Any CPU.Build.0 = Release|Any CPU
		{31030366-CA05-4BA2-9294-BC1238650E2B}.Debug|Any CPU.ActiveCfg = Debug|Any CPU
		{31030366-CA05-4BA2-9294-BC1238650E2B}.Debug|Any CPU.Build.0 = Debug|Any CPU
		{31030366-CA05-4BA2-9294-BC1238650E2B}.Release|Any CPU.ActiveCfg = Release|Any CPU
		{31030366-CA05-4BA2-9294-BC1238650E2B}.Release|Any CPU.Build.0 = Release|Any CPU
		{B84F8F0E-FC2D-4BB5-982A-D500C059986F}.Debug|Any CPU.ActiveCfg = Debug|Any CPU
		{B84F8F0E-FC2D-4BB5-982A-D500C059986F}.Debug|Any CPU.Build.0 = Debug|Any CPU
		{B84F8F0E-FC2D-4BB5-982A-D500C059986F}.Release|Any CPU.ActiveCfg = Release|Any CPU
		{B84F8F0E-FC2D-4BB5-982A-D500C059986F}.Release|Any CPU.Build.0 = Release|Any CPU
		{57587223-8025-4CB2-A91E-1BB3C592ADBA}.Debug|Any CPU.ActiveCfg = Debug|Any CPU
		{57587223-8025-4CB2-A91E-1BB3C592ADBA}.Debug|Any CPU.Build.0 = Debug|Any CPU
		{57587223-8025-4CB2-A91E-1BB3C592ADBA}.Release|Any CPU.ActiveCfg = Release|Any CPU
		{57587223-8025-4CB2-A91E-1BB3C592ADBA}.Release|Any CPU.Build.0 = Release|Any CPU
		{B3CAFB95-7174-4158-AA2E-08523DD9EC8C}.Debug|Any CPU.ActiveCfg = Debug|Any CPU
		{B3CAFB95-7174-4158-AA2E-08523DD9EC8C}.Debug|Any CPU.Build.0 = Debug|Any CPU
		{B3CAFB95-7174-4158-AA2E-08523DD9EC8C}.Release|Any CPU.ActiveCfg = Release|Any CPU
		{B3CAFB95-7174-4158-AA2E-08523DD9EC8C}.Release|Any CPU.Build.0 = Release|Any CPU
		{02A25F16-66AB-4E24-A380-DA4C8715F54F}.Debug|Any CPU.ActiveCfg = Debug|Any CPU
		{02A25F16-66AB-4E24-A380-DA4C8715F54F}.Debug|Any CPU.Build.0 = Debug|Any CPU
		{02A25F16-66AB-4E24-A380-DA4C8715F54F}.Release|Any CPU.ActiveCfg = Release|Any CPU
		{02A25F16-66AB-4E24-A380-DA4C8715F54F}.Release|Any CPU.Build.0 = Release|Any CPU
		{A3D541F7-4A22-413C-B6A9-B166DFBAB578}.Debug|Any CPU.ActiveCfg = Debug|Any CPU
		{A3D541F7-4A22-413C-B6A9-B166DFBAB578}.Debug|Any CPU.Build.0 = Debug|Any CPU
		{A3D541F7-4A22-413C-B6A9-B166DFBAB578}.Release|Any CPU.ActiveCfg = Release|Any CPU
		{A3D541F7-4A22-413C-B6A9-B166DFBAB578}.Release|Any CPU.Build.0 = Release|Any CPU
		{76901C2B-603B-461A-91F5-A3BCF3D17C88}.Debug|Any CPU.ActiveCfg = Debug|Any CPU
		{76901C2B-603B-461A-91F5-A3BCF3D17C88}.Debug|Any CPU.Build.0 = Debug|Any CPU
		{76901C2B-603B-461A-91F5-A3BCF3D17C88}.Release|Any CPU.ActiveCfg = Release|Any CPU
		{76901C2B-603B-461A-91F5-A3BCF3D17C88}.Release|Any CPU.Build.0 = Release|Any CPU
		{23CE4120-C084-4C57-96A8-71BB5804FBB2}.Debug|Any CPU.ActiveCfg = Debug|Any CPU
		{23CE4120-C084-4C57-96A8-71BB5804FBB2}.Debug|Any CPU.Build.0 = Debug|Any CPU
		{23CE4120-C084-4C57-96A8-71BB5804FBB2}.Release|Any CPU.ActiveCfg = Release|Any CPU
		{23CE4120-C084-4C57-96A8-71BB5804FBB2}.Release|Any CPU.Build.0 = Release|Any CPU
		{97F61516-67B1-4B7D-A215-4243549D17F3}.Debug|Any CPU.ActiveCfg = Debug|Any CPU
		{97F61516-67B1-4B7D-A215-4243549D17F3}.Debug|Any CPU.Build.0 = Debug|Any CPU
		{97F61516-67B1-4B7D-A215-4243549D17F3}.Release|Any CPU.ActiveCfg = Release|Any CPU
		{97F61516-67B1-4B7D-A215-4243549D17F3}.Release|Any CPU.Build.0 = Release|Any CPU
	EndGlobalSection
	GlobalSection(SolutionProperties) = preSolution
		HideSolutionNode = FALSE
	EndGlobalSection
	GlobalSection(NestedProjects) = preSolution
		{930BB909-B5D7-423F-8F3C-125F1D30CF43} = {8FFFD574-175F-4F69-AC70-B5C4AE9337DE}
		{E76D360B-507E-4F38-B91B-2CF49117C2F3} = {8FFFD574-175F-4F69-AC70-B5C4AE9337DE}
		{5D09F0A1-5973-4621-B9DB-B1D29369BF4A} = {8FFFD574-175F-4F69-AC70-B5C4AE9337DE}
		{7624C9B9-86EB-4B43-ACAF-EEED06B192DD} = {D1D8A602-2FBA-466D-9A57-66B0E5C8747D}
		{897F3336-DF66-44BB-8A13-535AB5E98416} = {D1D8A602-2FBA-466D-9A57-66B0E5C8747D}
		{6A812656-6F3C-403B-9287-4BCAF339EADB} = {D1D8A602-2FBA-466D-9A57-66B0E5C8747D}
		{B62E12FF-148B-48E2-B7BA-8B7CDA535F5B} = {4DA9ECEF-1E70-4F6C-B9D3-BD18E9DC5A43}
		{5BB1623D-D169-4FFB-ABA6-6F1A40DBB8D2} = {4DA9ECEF-1E70-4F6C-B9D3-BD18E9DC5A43}
		{D4E838E3-9E0A-4C84-B663-2875CB1E1DB9} = {4DA9ECEF-1E70-4F6C-B9D3-BD18E9DC5A43}
		{39450176-4DBD-4A50-8E16-E21967223F2C} = {767F8FEB-B53D-4253-85E8-28EA5A16EC9D}
		{45FB631D-4165-4C0A-9524-6AA42E04D5AA} = {767F8FEB-B53D-4253-85E8-28EA5A16EC9D}
		{D43F9684-7842-4CE4-8F46-6CA611FA754C} = {767F8FEB-B53D-4253-85E8-28EA5A16EC9D}
		{E7A35B2E-CAAC-4E3B-A728-04BF959C16F6} = {1487C6A1-D13B-454F-8EAF-1B4C0A666A89}
		{1366E73F-C036-4DE6-A25B-1CA2252E0169} = {1487C6A1-D13B-454F-8EAF-1B4C0A666A89}
		{F23FC55F-8BE1-4C8B-9854-ACE3F34A406C} = {1487C6A1-D13B-454F-8EAF-1B4C0A666A89}
		{31030366-CA05-4BA2-9294-BC1238650E2B} = {6CD51C1D-D6C2-4E10-A678-6B6944A41938}
		{B84F8F0E-FC2D-4BB5-982A-D500C059986F} = {6CD51C1D-D6C2-4E10-A678-6B6944A41938}
		{57587223-8025-4CB2-A91E-1BB3C592ADBA} = {6CD51C1D-D6C2-4E10-A678-6B6944A41938}
		{B3CAFB95-7174-4158-AA2E-08523DD9EC8C} = {CBA7460B-2ABD-48EB-92CD-11BA18D8016B}
		{02A25F16-66AB-4E24-A380-DA4C8715F54F} = {CBA7460B-2ABD-48EB-92CD-11BA18D8016B}
		{A3D541F7-4A22-413C-B6A9-B166DFBAB578} = {CBA7460B-2ABD-48EB-92CD-11BA18D8016B}
		{76901C2B-603B-461A-91F5-A3BCF3D17C88} = {B72FE415-7CC7-4687-8F80-E671483F1B5C}
		{23CE4120-C084-4C57-96A8-71BB5804FBB2} = {B72FE415-7CC7-4687-8F80-E671483F1B5C}
		{97F61516-67B1-4B7D-A215-4243549D17F3} = {B72FE415-7CC7-4687-8F80-E671483F1B5C}
	EndGlobalSection
	GlobalSection(ExtensibilityGlobals) = postSolution
		SolutionGuid = {0A8C2F88-3AA6-46C6-8EFA-511EEF4989AD}
	EndGlobalSection
EndGlobal
